[root]
name = "termc"
version = "0.1.0"
dependencies = [
 "termc_model 0.1.0",
 "termc_ui 0.1.0",
]

[[package]]
name = "libc"
version = "0.2.13"
source = "registry+https://github.com/rust-lang/crates.io-index"

[[package]]
name = "termc_model"
version = "0.1.0"

[[package]]
name = "termc_ui"
version = "0.1.0"
dependencies = [
 "termion 1.0.5 (registry+https://github.com/rust-lang/crates.io-index)",
]

[[package]]
name = "termion"
version = "1.0.5"
source = "registry+https://github.com/rust-lang/crates.io-index"
dependencies = [
 "libc 0.2.13 (registry+https://github.com/rust-lang/crates.io-index)",
]

